// !$*UTF8*$!
{
	archiveVersion = 1;
	classes = {
	};
	objectVersion = 46;
	objects = {

/* Begin PBXBuildFile section */
		33A82DBA1DDAA7E000ADC68D /* wallpaper-iPhone6.png in Resources */ = {isa = PBXBuildFile; fileRef = 33A82DB91DDAA7E000ADC68D /* wallpaper-iPhone6.png */; };
		33A82DC61DDABAC300ADC68D /* Twitter_Icon.PNG in Resources */ = {isa = PBXBuildFile; fileRef = 33A82DC51DDABAC300ADC68D /* Twitter_Icon.PNG */; };
		33A82DC81DDABAC800ADC68D /* Facebook_Icon.PNG in Resources */ = {isa = PBXBuildFile; fileRef = 33A82DC71DDABAC800ADC68D /* Facebook_Icon.PNG */; };
		33A82DCA1DDAC29400ADC68D /* gym-512 2.png in Resources */ = {isa = PBXBuildFile; fileRef = 33A82DC91DDAC29400ADC68D /* gym-512 2.png */; };
		33A82DD81DDAD0BF00ADC68D /* button-icon-png-21048.png in Resources */ = {isa = PBXBuildFile; fileRef = 33A82DD71DDAD0BF00ADC68D /* button-icon-png-21048.png */; };
		33A82DDA1DDAE12B00ADC68D /* orange-button-hi.png in Resources */ = {isa = PBXBuildFile; fileRef = 33A82DD91DDAE12B00ADC68D /* orange-button-hi.png */; };
		33AC9AD21DD5BBBA00591B71 /* AppDelegate.swift in Sources */ = {isa = PBXBuildFile; fileRef = 33AC9AD11DD5BBBA00591B71 /* AppDelegate.swift */; };
		33AC9AD41DD5BBBA00591B71 /* ViewController.swift in Sources */ = {isa = PBXBuildFile; fileRef = 33AC9AD31DD5BBBA00591B71 /* ViewController.swift */; };
		33AC9AD71DD5BBBA00591B71 /* Main.storyboard in Resources */ = {isa = PBXBuildFile; fileRef = 33AC9AD51DD5BBBA00591B71 /* Main.storyboard */; };
		33AC9AD91DD5BBBA00591B71 /* Assets.xcassets in Resources */ = {isa = PBXBuildFile; fileRef = 33AC9AD81DD5BBBA00591B71 /* Assets.xcassets */; };
		33AC9ADC1DD5BBBA00591B71 /* LaunchScreen.storyboard in Resources */ = {isa = PBXBuildFile; fileRef = 33AC9ADA1DD5BBBA00591B71 /* LaunchScreen.storyboard */; };
		33AC9AE71DD5BBBA00591B71 /* Login_TableTests.swift in Sources */ = {isa = PBXBuildFile; fileRef = 33AC9AE61DD5BBBA00591B71 /* Login_TableTests.swift */; };
		33AC9AF21DD5BBBA00591B71 /* Login_TableUITests.swift in Sources */ = {isa = PBXBuildFile; fileRef = 33AC9AF11DD5BBBA00591B71 /* Login_TableUITests.swift */; };
/* End PBXBuildFile section */

/* Begin PBXContainerItemProxy section */
		33AC9AE31DD5BBBA00591B71 /* PBXContainerItemProxy */ = {
			isa = PBXContainerItemProxy;
			containerPortal = 33AC9AC61DD5BBBA00591B71 /* Project object */;
			proxyType = 1;
			remoteGlobalIDString = 33AC9ACD1DD5BBBA00591B71;
			remoteInfo = "Login-Table";
		};
		33AC9AEE1DD5BBBA00591B71 /* PBXContainerItemProxy */ = {
			isa = PBXContainerItemProxy;
			containerPortal = 33AC9AC61DD5BBBA00591B71 /* Project object */;
			proxyType = 1;
			remoteGlobalIDString = 33AC9ACD1DD5BBBA00591B71;
			remoteInfo = "Login-Table";
		};
/* End PBXContainerItemProxy section */

/* Begin PBXFileReference section */
		33A82DB91DDAA7E000ADC68D /* wallpaper-iPhone6.png */ = {isa = PBXFileReference; lastKnownFileType = image.png; path = "wallpaper-iPhone6.png"; sourceTree = "<group>"; };
		33A82DC51DDABAC300ADC68D /* Twitter_Icon.PNG */ = {isa = PBXFileReference; lastKnownFileType = image.png; path = Twitter_Icon.PNG; sourceTree = "<group>"; };
		33A82DC71DDABAC800ADC68D /* Facebook_Icon.PNG */ = {isa = PBXFileReference; lastKnownFileType = image.png; path = Facebook_Icon.PNG; sourceTree = "<group>"; };
		33A82DC91DDAC29400ADC68D /* gym-512 2.png */ = {isa = PBXFileReference; lastKnownFileType = image.png; path = "gym-512 2.png"; sourceTree = "<group>"; };
		33A82DD71DDAD0BF00ADC68D /* button-icon-png-21048.png */ = {isa = PBXFileReference; lastKnownFileType = image.png; path = "button-icon-png-21048.png"; sourceTree = "<group>"; };
		33A82DD91DDAE12B00ADC68D /* orange-button-hi.png */ = {isa = PBXFileReference; lastKnownFileType = image.png; path = "orange-button-hi.png"; sourceTree = "<group>"; };
		33AC9ACE1DD5BBBA00591B71 /* Login-Table.app */ = {isa = PBXFileReference; explicitFileType = wrapper.application; includeInIndex = 0; path = "Login-Table.app"; sourceTree = BUILT_PRODUCTS_DIR; };
		33AC9AD11DD5BBBA00591B71 /* AppDelegate.swift */ = {isa = PBXFileReference; lastKnownFileType = sourcecode.swift; path = AppDelegate.swift; sourceTree = "<group>"; };
		33AC9AD31DD5BBBA00591B71 /* ViewController.swift */ = {isa = PBXFileReference; lastKnownFileType = sourcecode.swift; path = ViewController.swift; sourceTree = "<group>"; };
		33AC9AD61DD5BBBA00591B71 /* Base */ = {isa = PBXFileReference; lastKnownFileType = file.storyboard; name = Base; path = Base.lproj/Main.storyboard; sourceTree = "<group>"; };
		33AC9AD81DD5BBBA00591B71 /* Assets.xcassets */ = {isa = PBXFileReference; lastKnownFileType = folder.assetcatalog; path = Assets.xcassets; sourceTree = "<group>"; };
		33AC9ADB1DD5BBBA00591B71 /* Base */ = {isa = PBXFileReference; lastKnownFileType = file.storyboard; name = Base; path = Base.lproj/LaunchScreen.storyboard; sourceTree = "<group>"; };
		33AC9ADD1DD5BBBA00591B71 /* Info.plist */ = {isa = PBXFileReference; lastKnownFileType = text.plist.xml; path = Info.plist; sourceTree = "<group>"; };
		33AC9AE21DD5BBBA00591B71 /* Login-TableTests.xctest */ = {isa = PBXFileReference; explicitFileType = wrapper.cfbundle; includeInIndex = 0; path = "Login-TableTests.xctest"; sourceTree = BUILT_PRODUCTS_DIR; };
		33AC9AE61DD5BBBA00591B71 /* Login_TableTests.swift */ = {isa = PBXFileReference; lastKnownFileType = sourcecode.swift; path = Login_TableTests.swift; sourceTree = "<group>"; };
		33AC9AE81DD5BBBA00591B71 /* Info.plist */ = {isa = PBXFileReference; lastKnownFileType = text.plist.xml; path = Info.plist; sourceTree = "<group>"; };
		33AC9AED1DD5BBBA00591B71 /* Login-TableUITests.xctest */ = {isa = PBXFileReference; explicitFileType = wrapper.cfbundle; includeInIndex = 0; path = "Login-TableUITests.xctest"; sourceTree = BUILT_PRODUCTS_DIR; };
		33AC9AF11DD5BBBA00591B71 /* Login_TableUITests.swift */ = {isa = PBXFileReference; lastKnownFileType = sourcecode.swift; path = Login_TableUITests.swift; sourceTree = "<group>"; };
		33AC9AF31DD5BBBA00591B71 /* Info.plist */ = {isa = PBXFileReference; lastKnownFileType = text.plist.xml; path = Info.plist; sourceTree = "<group>"; };
/* End PBXFileReference section */

/* Begin PBXFrameworksBuildPhase section */
		33AC9ACB1DD5BBBA00591B71 /* Frameworks */ = {
			isa = PBXFrameworksBuildPhase;
			buildActionMask = 2147483647;
			files = (
			);
			runOnlyForDeploymentPostprocessing = 0;
		};
		33AC9ADF1DD5BBBA00591B71 /* Frameworks */ = {
			isa = PBXFrameworksBuildPhase;
			buildActionMask = 2147483647;
			files = (
			);
			runOnlyForDeploymentPostprocessing = 0;
		};
		33AC9AEA1DD5BBBA00591B71 /* Frameworks */ = {
			isa = PBXFrameworksBuildPhase;
			buildActionMask = 2147483647;
			files = (
			);
			runOnlyForDeploymentPostprocessing = 0;
		};
/* End PBXFrameworksBuildPhase section */

/* Begin PBXGroup section */
		33AC9AC51DD5BBBA00591B71 = {
			isa = PBXGroup;
			children = (
				33AC9AD01DD5BBBA00591B71 /* Login-Table */,
				33AC9AE51DD5BBBA00591B71 /* Login-TableTests */,
				33AC9AF01DD5BBBA00591B71 /* Login-TableUITests */,
				33AC9ACF1DD5BBBA00591B71 /* Products */,
			);
			sourceTree = "<group>";
		};
		33AC9ACF1DD5BBBA00591B71 /* Products */ = {
			isa = PBXGroup;
			children = (
				33AC9ACE1DD5BBBA00591B71 /* Login-Table.app */,
				33AC9AE21DD5BBBA00591B71 /* Login-TableTests.xctest */,
				33AC9AED1DD5BBBA00591B71 /* Login-TableUITests.xctest */,
			);
			name = Products;
			sourceTree = "<group>";
		};
		33AC9AD01DD5BBBA00591B71 /* Login-Table */ = {
			isa = PBXGroup;
			children = (
				33AC9AD11DD5BBBA00591B71 /* AppDelegate.swift */,
				33AC9AD31DD5BBBA00591B71 /* ViewController.swift */,
				33AC9AD51DD5BBBA00591B71 /* Main.storyboard */,
				33AC9AD81DD5BBBA00591B71 /* Assets.xcassets */,
				33AC9ADA1DD5BBBA00591B71 /* LaunchScreen.storyboard */,
				33AC9ADD1DD5BBBA00591B71 /* Info.plist */,
				33AC9B031DD5C1E100591B71 /* image */,
			);
			path = "Login-Table";
			sourceTree = "<group>";
		};
		33AC9AE51DD5BBBA00591B71 /* Login-TableTests */ = {
			isa = PBXGroup;
			children = (
				33AC9AE61DD5BBBA00591B71 /* Login_TableTests.swift */,
				33AC9AE81DD5BBBA00591B71 /* Info.plist */,
			);
			path = "Login-TableTests";
			sourceTree = "<group>";
		};
		33AC9AF01DD5BBBA00591B71 /* Login-TableUITests */ = {
			isa = PBXGroup;
			children = (
				33AC9AF11DD5BBBA00591B71 /* Login_TableUITests.swift */,
				33AC9AF31DD5BBBA00591B71 /* Info.plist */,
			);
			path = "Login-TableUITests";
			sourceTree = "<group>";
		};
		33AC9B031DD5C1E100591B71 /* image */ = {
			isa = PBXGroup;
			children = (
				33A82DC91DDAC29400ADC68D /* gym-512 2.png */,
				33A82DB91DDAA7E000ADC68D /* wallpaper-iPhone6.png */,
				33A82DC51DDABAC300ADC68D /* Twitter_Icon.PNG */,
				33A82DC71DDABAC800ADC68D /* Facebook_Icon.PNG */,
				33A82DD71DDAD0BF00ADC68D /* button-icon-png-21048.png */,
				33A82DD91DDAE12B00ADC68D /* orange-button-hi.png */,
			);
			name = image;
			sourceTree = "<group>";
		};
/* End PBXGroup section */

/* Begin PBXNativeTarget section */
		33AC9ACD1DD5BBBA00591B71 /* Login-Table */ = {
			isa = PBXNativeTarget;
			buildConfigurationList = 33AC9AF61DD5BBBA00591B71 /* Build configuration list for PBXNativeTarget "Login-Table" */;
			buildPhases = (
				33AC9ACA1DD5BBBA00591B71 /* Sources */,
				33AC9ACB1DD5BBBA00591B71 /* Frameworks */,
				33AC9ACC1DD5BBBA00591B71 /* Resources */,
			);
			buildRules = (
			);
			dependencies = (
			);
			name = "Login-Table";
			productName = "Login-Table";
			productReference = 33AC9ACE1DD5BBBA00591B71 /* Login-Table.app */;
			productType = "com.apple.product-type.application";
		};
		33AC9AE11DD5BBBA00591B71 /* Login-TableTests */ = {
			isa = PBXNativeTarget;
			buildConfigurationList = 33AC9AF91DD5BBBA00591B71 /* Build configuration list for PBXNativeTarget "Login-TableTests" */;
			buildPhases = (
				33AC9ADE1DD5BBBA00591B71 /* Sources */,
				33AC9ADF1DD5BBBA00591B71 /* Frameworks */,
				33AC9AE01DD5BBBA00591B71 /* Resources */,
			);
			buildRules = (
			);
			dependencies = (
				33AC9AE41DD5BBBA00591B71 /* PBXTargetDependency */,
			);
			name = "Login-TableTests";
			productName = "Login-TableTests";
			productReference = 33AC9AE21DD5BBBA00591B71 /* Login-TableTests.xctest */;
			productType = "com.apple.product-type.bundle.unit-test";
		};
		33AC9AEC1DD5BBBA00591B71 /* Login-TableUITests */ = {
			isa = PBXNativeTarget;
			buildConfigurationList = 33AC9AFC1DD5BBBA00591B71 /* Build configuration list for PBXNativeTarget "Login-TableUITests" */;
			buildPhases = (
				33AC9AE91DD5BBBA00591B71 /* Sources */,
				33AC9AEA1DD5BBBA00591B71 /* Frameworks */,
				33AC9AEB1DD5BBBA00591B71 /* Resources */,
			);
			buildRules = (
			);
			dependencies = (
				33AC9AEF1DD5BBBA00591B71 /* PBXTargetDependency */,
			);
			name = "Login-TableUITests";
			productName = "Login-TableUITests";
			productReference = 33AC9AED1DD5BBBA00591B71 /* Login-TableUITests.xctest */;
			productType = "com.apple.product-type.bundle.ui-testing";
		};
/* End PBXNativeTarget section */

/* Begin PBXProject section */
		33AC9AC61DD5BBBA00591B71 /* Project object */ = {
			isa = PBXProject;
			attributes = {
				LastSwiftUpdateCheck = 0730;
				LastUpgradeCheck = 0730;
				ORGANIZATIONNAME = khacviet;
				TargetAttributes = {
					33AC9ACD1DD5BBBA00591B71 = {
						CreatedOnToolsVersion = 7.3.1;
					};
					33AC9AE11DD5BBBA00591B71 = {
						CreatedOnToolsVersion = 7.3.1;
						TestTargetID = 33AC9ACD1DD5BBBA00591B71;
					};
					33AC9AEC1DD5BBBA00591B71 = {
						CreatedOnToolsVersion = 7.3.1;
						TestTargetID = 33AC9ACD1DD5BBBA00591B71;
					};
				};
			};
			buildConfigurationList = 33AC9AC91DD5BBBA00591B71 /* Build configuration list for PBXProject "Login-Table" */;
			compatibilityVersion = "Xcode 3.2";
			developmentRegion = English;
			hasScannedForEncodings = 0;
			knownRegions = (
				en,
				Base,
			);
			mainGroup = 33AC9AC51DD5BBBA00591B71;
			productRefGroup = 33AC9ACF1DD5BBBA00591B71 /* Products */;
			projectDirPath = "";
			projectRoot = "";
			targets = (
				33AC9ACD1DD5BBBA00591B71 /* Login-Table */,
				33AC9AE11DD5BBBA00591B71 /* Login-TableTests */,
				33AC9AEC1DD5BBBA00591B71 /* Login-TableUITests */,
			);
		};
/* End PBXProject section */

/* Begin PBXResourcesBuildPhase section */
		33AC9ACC1DD5BBBA00591B71 /* Resources */ = {
			isa = PBXResourcesBuildPhase;
			buildActionMask = 2147483647;
			files = (
				33A82DC81DDABAC800ADC68D /* Facebook_Icon.PNG in Resources */,
				33A82DDA1DDAE12B00ADC68D /* orange-button-hi.png in Resources */,
				33A82DC61DDABAC300ADC68D /* Twitter_Icon.PNG in Resources */,
				33A82DCA1DDAC29400ADC68D /* gym-512 2.png in Resources */,
				33AC9ADC1DD5BBBA00591B71 /* LaunchScreen.storyboard in Resources */,
				33A82DD81DDAD0BF00ADC68D /* button-icon-png-21048.png in Resources */,
				33A82DBA1DDAA7E000ADC68D /* wallpaper-iPhone6.png in Resources */,
				33AC9AD91DD5BBBA00591B71 /* Assets.xcassets in Resources */,
				33AC9AD71DD5BBBA00591B71 /* Main.storyboard in Resources */,
			);
			runOnlyForDeploymentPostprocessing = 0;
		};
		33AC9AE01DD5BBBA00591B71 /* Resources */ = {
			isa = PBXResourcesBuildPhase;
			buildActionMask = 2147483647;
			files = (
			);
			runOnlyForDeploymentPostprocessing = 0;
		};
		33AC9AEB1DD5BBBA00591B71 /* Resources */ = {
			isa = PBXResourcesBuildPhase;
			buildActionMask = 2147483647;
			files = (
			);
			runOnlyForDeploymentPostprocessing = 0;
		};
/* End PBXResourcesBuildPhase section */

/* Begin PBXSourcesBuildPhase section */
		33AC9ACA1DD5BBBA00591B71 /* Sources */ = {
			isa = PBXSourcesBuildPhase;
			buildActionMask = 2147483647;
			files = (
				33AC9AD41DD5BBBA00591B71 /* ViewController.swift in Sources */,
				33AC9AD21DD5BBBA00591B71 /* AppDelegate.swift in Sources */,
			);
			runOnlyForDeploymentPostprocessing = 0;
		};
		33AC9ADE1DD5BBBA00591B71 /* Sources */ = {
			isa = PBXSourcesBuildPhase;
			buildActionMask = 2147483647;
			files = (
				33AC9AE71DD5BBBA00591B71 /* Login_TableTests.swift in Sources */,
			);
			runOnlyForDeploymentPostprocessing = 0;
		};
		33AC9AE91DD5BBBA00591B71 /* Sources */ = {
			isa = PBXSourcesBuildPhase;
			buildActionMask = 2147483647;
			files = (
				33AC9AF21DD5BBBA00591B71 /* Login_TableUITests.swift in Sources */,
			);
			runOnlyForDeploymentPostprocessing = 0;
		};
/* End PBXSourcesBuildPhase section */

/* Begin PBXTargetDependency section */
		33AC9AE41DD5BBBA00591B71 /* PBXTargetDependency */ = {
			isa = PBXTargetDependency;
			target = 33AC9ACD1DD5BBBA00591B71 /* Login-Table */;
			targetProxy = 33AC9AE31DD5BBBA00591B71 /* PBXContainerItemProxy */;
		};
		33AC9AEF1DD5BBBA00591B71 /* PBXTargetDependency */ = {
			isa = PBXTargetDependency;
			target = 33AC9ACD1DD5BBBA00591B71 /* Login-Table */;
			targetProxy = 33AC9AEE1DD5BBBA00591B71 /* PBXContainerItemProxy */;
		};
/* End PBXTargetDependency section */

/* Begin PBXVariantGroup section */
		33AC9AD51DD5BBBA00591B71 /* Main.storyboard */ = {
			isa = PBXVariantGroup;
			children = (
				33AC9AD61DD5BBBA00591B71 /* Base */,
			);
			name = Main.storyboard;
			sourceTree = "<group>";
		};
		33AC9ADA1DD5BBBA00591B71 /* LaunchScreen.storyboard */ = {
			isa = PBXVariantGroup;
			children = (
				33AC9ADB1DD5BBBA00591B71 /* Base */,
			);
			name = LaunchScreen.storyboard;
			sourceTree = "<group>";
		};
/* End PBXVariantGroup section */

/* Begin XCBuildConfiguration section */
		33AC9AF41DD5BBBA00591B71 /* Debug */ = {
			isa = XCBuildConfiguration;
			buildSettings = {
				ALWAYS_SEARCH_USER_PATHS = NO;
				CLANG_ANALYZER_NONNULL = YES;
				CLANG_CXX_LANGUAGE_STANDARD = "gnu++0x";
				CLANG_CXX_LIBRARY = "libc++";
				CLANG_ENABLE_MODULES = YES;
				CLANG_ENABLE_OBJC_ARC = YES;
				CLANG_WARN_BOOL_CONVERSION = YES;
				CLANG_WARN_CONSTANT_CONVERSION = YES;
				CLANG_WARN_DIRECT_OBJC_ISA_USAGE = YES_ERROR;
				CLANG_WARN_EMPTY_BODY = YES;
				CLANG_WARN_ENUM_CONVERSION = YES;
				CLANG_WARN_INT_CONVERSION = YES;
				CLANG_WARN_OBJC_ROOT_CLASS = YES_ERROR;
				CLANG_WARN_UNREACHABLE_CODE = YES;
				CLANG_WARN__DUPLICATE_METHOD_MATCH = YES;
				"CODE_SIGN_IDENTITY[sdk=iphoneos*]" = "iPhone Developer";
				COPY_PHASE_STRIP = NO;
				DEBUG_INFORMATION_FORMAT = dwarf;
				ENABLE_STRICT_OBJC_MSGSEND = YES;
				ENABLE_TESTABILITY = YES;
				GCC_C_LANGUAGE_STANDARD = gnu99;
				GCC_DYNAMIC_NO_PIC = NO;
				GCC_NO_COMMON_BLOCKS = YES;
				GCC_OPTIMIZATION_LEVEL = 0;
				GCC_PREPROCESSOR_DEFINITIONS = (
					"DEBUG=1",
					"$(inherited)",
				);
				GCC_WARN_64_TO_32_BIT_CONVERSION = YES;
				GCC_WARN_ABOUT_RETURN_TYPE = YES_ERROR;
				GCC_WARN_UNDECLARED_SELECTOR = YES;
				GCC_WARN_UNINITIALIZED_AUTOS = YES_AGGRESSIVE;
				GCC_WARN_UNUSED_FUNCTION = YES;
				GCC_WARN_UNUSED_VARIABLE = YES;
				IPHONEOS_DEPLOYMENT_TARGET = 9.3;
				MTL_ENABLE_DEBUG_INFO = YES;
				ONLY_ACTIVE_ARCH = YES;
				SDKROOT = iphoneos;
				SWIFT_OPTIMIZATION_LEVEL = "-Onone";
				TARGETED_DEVICE_FAMILY = "1,2";
			};
			name = Debug;
		};
		33AC9AF51DD5BBBA00591B71 /* Release */ = {
			isa = XCBuildConfiguration;
			buildSettings = {
				ALWAYS_SEARCH_USER_PATHS = NO;
				CLANG_ANALYZER_NONNULL = YES;
				CLANG_CXX_LANGUAGE_STANDARD = "gnu++0x";
				CLANG_CXX_LIBRARY = "libc++";
				CLANG_ENABLE_MODULES = YES;
				CLANG_ENABLE_OBJC_ARC = YES;
				CLANG_WARN_BOOL_CONVERSION = YES;
				CLANG_WARN_CONSTANT_CONVERSION = YES;
				CLANG_WARN_DIRECT_OBJC_ISA_USAGE = YES_ERROR;
				CLANG_WARN_EMPTY_BODY = YES;
				CLANG_WARN_ENUM_CONVERSION = YES;
				CLANG_WARN_INT_CONVERSION = YES;
				CLANG_WARN_OBJC_ROOT_CLASS = YES_ERROR;
				CLANG_WARN_UNREACHABLE_CODE = YES;
				CLANG_WARN__DUPLICATE_METHOD_MATCH = YES;
				"CODE_SIGN_IDENTITY[sdk=iphoneos*]" = "iPhone Developer";
				COPY_PHASE_STRIP = NO;
				DEBUG_INFORMATION_FORMAT = "dwarf-with-dsym";
				ENABLE_NS_ASSERTIONS = NO;
				ENABLE_STRICT_OBJC_MSGSEND = YES;
				GCC_C_LANGUAGE_STANDARD = gnu99;
				GCC_NO_COMMON_BLOCKS = YES;
				GCC_WARN_64_TO_32_BIT_CONVERSION = YES;
				GCC_WARN_ABOUT_RETURN_TYPE = YES_ERROR;
				GCC_WARN_UNDECLARED_SELECTOR = YES;
				GCC_WARN_UNINITIALIZED_AUTOS = YES_AGGRESSIVE;
				GCC_WARN_UNUSED_FUNCTION = YES;
				GCC_WARN_UNUSED_VARIABLE = YES;
				IPHONEOS_DEPLOYMENT_TARGET = 9.3;
				MTL_ENABLE_DEBUG_INFO = NO;
				SDKROOT = iphoneos;
				TARGETED_DEVICE_FAMILY = "1,2";
				VALIDATE_PRODUCT = YES;
			};
			name = Release;
		};
		33AC9AF71DD5BBBA00591B71 /* Debug */ = {
			isa = XCBuildConfiguration;
			buildSettings = {
				ASSETCATALOG_COMPILER_APPICON_NAME = AppIcon;
				INFOPLIST_FILE = "Login-Table/Info.plist";
				LD_RUNPATH_SEARCH_PATHS = "$(inherited) @executable_path/Frameworks";
				PRODUCT_BUNDLE_IDENTIFIER = "vn.khacviet.Login-Table";
				PRODUCT_NAME = "$(TARGET_NAME)";
			};
			name = Debug;
		};
		33AC9AF81DD5BBBA00591B71 /* Release */ = {
			isa = XCBuildConfiguration;
			buildSettings = {
				ASSETCATALOG_COMPILER_APPICON_NAME = AppIcon;
				INFOPLIST_FILE = "Login-Table/Info.plist";
				LD_RUNPATH_SEARCH_PATHS = "$(inherited) @executable_path/Frameworks";
				PRODUCT_BUNDLE_IDENTIFIER = "vn.khacviet.Login-Table";
				PRODUCT_NAME = "$(TARGET_NAME)";
			};
			name = Release;
		};
		33AC9AFA1DD5BBBA00591B71 /* Debug */ = {
			isa = XCBuildConfiguration;
			buildSettings = {
				BUNDLE_LOADER = "$(TEST_HOST)";
				INFOPLIST_FILE = "Login-TableTests/Info.plist";
				LD_RUNPATH_SEARCH_PATHS = "$(inherited) @executable_path/Frameworks @loader_path/Frameworks";
				PRODUCT_BUNDLE_IDENTIFIER = "vn.khacviet.Login-TableTests";
				PRODUCT_NAME = "$(TARGET_NAME)";
				TEST_HOST = "$(BUILT_PRODUCTS_DIR)/Login-Table.app/Login-Table";
			};
			name = Debug;
		};
		33AC9AFB1DD5BBBA00591B71 /* Release */ = {
			isa = XCBuildConfiguration;
			buildSettings = {
				BUNDLE_LOADER = "$(TEST_HOST)";
				INFOPLIST_FILE = "Login-TableTests/Info.plist";
				LD_RUNPATH_SEARCH_PATHS = "$(inherited) @executable_path/Frameworks @loader_path/Frameworks";
				PRODUCT_BUNDLE_IDENTIFIER = "vn.khacviet.Login-TableTests";
				PRODUCT_NAME = "$(TARGET_NAME)";
				TEST_HOST = "$(BUILT_PRODUCTS_DIR)/Login-Table.app/Login-Table";
			};
			name = Release;
		};
		33AC9AFD1DD5BBBA00591B71 /* Debug */ = {
			isa = XCBuildConfiguration;
			buildSettings = {
				INFOPLIST_FILE = "Login-TableUITests/Info.plist";
				LD_RUNPATH_SEARCH_PATHS = "$(inherited) @executable_path/Frameworks @loader_path/Frameworks";
				PRODUCT_BUNDLE_IDENTIFIER = "vn.khacviet.Login-TableUITests";
				PRODUCT_NAME = "$(TARGET_NAME)";
				TEST_TARGET_NAME = "Login-Table";
			};
			name = Debug;
		};
		33AC9AFE1DD5BBBA00591B71 /* Release */ = {
			isa = XCBuildConfiguration;
			buildSettings = {
				INFOPLIST_FILE = "Login-TableUITests/Info.plist";
				LD_RUNPATH_SEARCH_PATHS = "$(inherited) @executable_path/Frameworks @loader_path/Frameworks";
				PRODUCT_BUNDLE_IDENTIFIER = "vn.khacviet.Login-TableUITests";
				PRODUCT_NAME = "$(TARGET_NAME)";
				TEST_TARGET_NAME = "Login-Table";
			};
			name = Release;
		};
/* End XCBuildConfiguration section */

/* Begin XCConfigurationList section */
		33AC9AC91DD5BBBA00591B71 /* Build configuration list for PBXProject "Login-Table" */ = {
			isa = XCConfigurationList;
			buildConfigurations = (
				33AC9AF41DD5BBBA00591B71 /* Debug */,
				33AC9AF51DD5BBBA00591B71 /* Release */,
			);
			defaultConfigurationIsVisible = 0;
			defaultConfigurationName = Release;
		};
		33AC9AF61DD5BBBA00591B71 /* Build configuration list for PBXNativeTarget "Login-Table" */ = {
			isa = XCConfigurationList;
			buildConfigurations = (
				33AC9AF71DD5BBBA00591B71 /* Debug */,
				33AC9AF81DD5BBBA00591B71 /* Release */,
			);
			defaultConfigurationIsVisible = 0;
			defaultConfigurationName = Release;
		};
		33AC9AF91DD5BBBA00591B71 /* Build configuration list for PBXNativeTarget "Login-TableTests" */ = {
			isa = XCConfigurationList;
			buildConfigurations = (
				33AC9AFA1DD5BBBA00591B71 /* Debug */,
				33AC9AFB1DD5BBBA00591B71 /* Release */,
			);
			defaultConfigurationIsVisible = 0;
			defaultConfigurationName = Release;
		};
		33AC9AFC1DD5BBBA00591B71 /* Build configuration list for PBXNativeTarget "Login-TableUITests" */ = {
			isa = XCConfigurationList;
			buildConfigurations = (
				33AC9AFD1DD5BBBA00591B71 /* Debug */,
				33AC9AFE1DD5BBBA00591B71 /* Release */,
			);
			defaultConfigurationIsVisible = 0;
			defaultConfigurationName = Release;
		};
/* End XCConfigurationList section */
	};
	rootObject = 33AC9AC61DD5BBBA00591B71 /* Project object */;
}
